// !$*UTF8*$!
{
	archiveVersion = 1;
	classes = {
	};
	objectVersion = 55;
	objects = {

/* Begin PBXBuildFile section */
		652C91B829E0F248009C5D21 /* SwiftSoup in Frameworks */ = {isa = PBXBuildFile; productRef = 652C91B729E0F248009C5D21 /* SwiftSoup */; };
		652C91BB29E1D5D5009C5D21 /* NewsData.swift in Sources */ = {isa = PBXBuildFile; fileRef = 652C91BA29E1D5D5009C5D21 /* NewsData.swift */; };
		652C91BE29E1D655009C5D21 /* NewsViewModel.swift in Sources */ = {isa = PBXBuildFile; fileRef = 652C91BD29E1D655009C5D21 /* NewsViewModel.swift */; };
		652C91C029E22317009C5D21 /* NewsTableViewCell.swift in Sources */ = {isa = PBXBuildFile; fileRef = 652C91BF29E22317009C5D21 /* NewsTableViewCell.swift */; };
		652C91C329E26004009C5D21 /* NewsService.swift in Sources */ = {isa = PBXBuildFile; fileRef = 652C91C229E26004009C5D21 /* NewsService.swift */; };
		652C91C829E39F06009C5D21 /* SDWebImage in Frameworks */ = {isa = PBXBuildFile; productRef = 652C91C729E39F06009C5D21 /* SDWebImage */; };
		652C91CA29E39F06009C5D21 /* SDWebImageMapKit in Frameworks */ = {isa = PBXBuildFile; productRef = 652C91C929E39F06009C5D21 /* SDWebImageMapKit */; };
		6584BB9A29EAE503007C220F /* RouterProtocol.swift in Sources */ = {isa = PBXBuildFile; fileRef = 6584BB9929EAE503007C220F /* RouterProtocol.swift */; };
		6584BB9C29EAEDDD007C220F /* NewsViewModelProtocol.swift in Sources */ = {isa = PBXBuildFile; fileRef = 6584BB9B29EAEDDD007C220F /* NewsViewModelProtocol.swift */; };
		658DAD9C29DDECA0000E44AA /* AppDelegate.swift in Sources */ = {isa = PBXBuildFile; fileRef = 658DAD9B29DDECA0000E44AA /* AppDelegate.swift */; };
		658DAD9E29DDECA0000E44AA /* SceneDelegate.swift in Sources */ = {isa = PBXBuildFile; fileRef = 658DAD9D29DDECA0000E44AA /* SceneDelegate.swift */; };
		658DADA029DDECA0000E44AA /* NewsViewController.swift in Sources */ = {isa = PBXBuildFile; fileRef = 658DAD9F29DDECA0000E44AA /* NewsViewController.swift */; };
		658DADA529DDECA8000E44AA /* Assets.xcassets in Resources */ = {isa = PBXBuildFile; fileRef = 658DADA429DDECA8000E44AA /* Assets.xcassets */; };
		658DADA829DDECA8000E44AA /* LaunchScreen.storyboard in Resources */ = {isa = PBXBuildFile; fileRef = 658DADA629DDECA8000E44AA /* LaunchScreen.storyboard */; };
		658DADB329DDECA8000E44AA /* NewsAppTests.swift in Sources */ = {isa = PBXBuildFile; fileRef = 658DADB229DDECA8000E44AA /* NewsAppTests.swift */; };
		658DADBD29DDECA8000E44AA /* NewsAppUITests.swift in Sources */ = {isa = PBXBuildFile; fileRef = 658DADBC29DDECA8000E44AA /* NewsAppUITests.swift */; };
		658DADBF29DDECA8000E44AA /* NewsAppUITestsLaunchTests.swift in Sources */ = {isa = PBXBuildFile; fileRef = 658DADBE29DDECA8000E44AA /* NewsAppUITestsLaunchTests.swift */; };
		658DADCD29DE7347000E44AA /* DetailsViewController.swift in Sources */ = {isa = PBXBuildFile; fileRef = 658DADCC29DE7347000E44AA /* DetailsViewController.swift */; };
		658DADD029DE73FB000E44AA /* APICaller.swift in Sources */ = {isa = PBXBuildFile; fileRef = 658DADCF29DE73FB000E44AA /* APICaller.swift */; };
		65CC2A6C29E62AE100DE4792 /* DetailsView.swift in Sources */ = {isa = PBXBuildFile; fileRef = 65CC2A6B29E62AE100DE4792 /* DetailsView.swift */; };
		65CC2A6E29E7704700DE4792 /* Builder.swift in Sources */ = {isa = PBXBuildFile; fileRef = 65CC2A6D29E7704600DE4792 /* Builder.swift */; };
		65CC2A7129E7768600DE4792 /* Router.swift in Sources */ = {isa = PBXBuildFile; fileRef = 65CC2A7029E7768600DE4792 /* Router.swift */; };
		65CC2A7A29E81F4D00DE4792 /* DetailsData.swift in Sources */ = {isa = PBXBuildFile; fileRef = 65CC2A7929E81F4D00DE4792 /* DetailsData.swift */; };
		65CC2A7C29E81FF900DE4792 /* DetailsViewModel.swift in Sources */ = {isa = PBXBuildFile; fileRef = 65CC2A7B29E81FF900DE4792 /* DetailsViewModel.swift */; };
		65CC2A7E29E8268400DE4792 /* DetailsViewModelProtocol.swift in Sources */ = {isa = PBXBuildFile; fileRef = 65CC2A7D29E8268400DE4792 /* DetailsViewModelProtocol.swift */; };
		65CC2A8029E8319300DE4792 /* BuilderProtocol.swift in Sources */ = {isa = PBXBuildFile; fileRef = 65CC2A7F29E8319200DE4792 /* BuilderProtocol.swift */; };
		65CC2A8229E837C600DE4792 /* NewsViewModelTest.swift in Sources */ = {isa = PBXBuildFile; fileRef = 65CC2A8129E837C500DE4792 /* NewsViewModelTest.swift */; };
		65CC2A8429E8436C00DE4792 /* DetailsViewModelTests.swift in Sources */ = {isa = PBXBuildFile; fileRef = 65CC2A8329E8436C00DE4792 /* DetailsViewModelTests.swift */; };
/* End PBXBuildFile section */

/* Begin PBXContainerItemProxy section */
		658DADAF29DDECA8000E44AA /* PBXContainerItemProxy */ = {
			isa = PBXContainerItemProxy;
			containerPortal = 658DAD9029DDECA0000E44AA /* Project object */;
			proxyType = 1;
			remoteGlobalIDString = 658DAD9729DDECA0000E44AA;
			remoteInfo = NewsApp;
		};
		658DADB929DDECA8000E44AA /* PBXContainerItemProxy */ = {
			isa = PBXContainerItemProxy;
			containerPortal = 658DAD9029DDECA0000E44AA /* Project object */;
			proxyType = 1;
			remoteGlobalIDString = 658DAD9729DDECA0000E44AA;
			remoteInfo = NewsApp;
		};
/* End PBXContainerItemProxy section */

/* Begin PBXFileReference section */
		652C91BA29E1D5D5009C5D21 /* NewsData.swift */ = {isa = PBXFileReference; lastKnownFileType = sourcecode.swift; path = NewsData.swift; sourceTree = "<group>"; };
		652C91BD29E1D655009C5D21 /* NewsViewModel.swift */ = {isa = PBXFileReference; lastKnownFileType = sourcecode.swift; path = NewsViewModel.swift; sourceTree = "<group>"; };
		652C91BF29E22317009C5D21 /* NewsTableViewCell.swift */ = {isa = PBXFileReference; lastKnownFileType = sourcecode.swift; path = NewsTableViewCell.swift; sourceTree = "<group>"; };
		652C91C229E26004009C5D21 /* NewsService.swift */ = {isa = PBXFileReference; lastKnownFileType = sourcecode.swift; path = NewsService.swift; sourceTree = "<group>"; };
		6584BB9929EAE503007C220F /* RouterProtocol.swift */ = {isa = PBXFileReference; lastKnownFileType = sourcecode.swift; path = RouterProtocol.swift; sourceTree = "<group>"; };
		6584BB9B29EAEDDD007C220F /* NewsViewModelProtocol.swift */ = {isa = PBXFileReference; lastKnownFileType = sourcecode.swift; path = NewsViewModelProtocol.swift; sourceTree = "<group>"; };
		658DAD9829DDECA0000E44AA /* NewsApp.app */ = {isa = PBXFileReference; explicitFileType = wrapper.application; includeInIndex = 0; path = NewsApp.app; sourceTree = BUILT_PRODUCTS_DIR; };
		658DAD9B29DDECA0000E44AA /* AppDelegate.swift */ = {isa = PBXFileReference; lastKnownFileType = sourcecode.swift; path = AppDelegate.swift; sourceTree = "<group>"; };
		658DAD9D29DDECA0000E44AA /* SceneDelegate.swift */ = {isa = PBXFileReference; lastKnownFileType = sourcecode.swift; path = SceneDelegate.swift; sourceTree = "<group>"; };
		658DAD9F29DDECA0000E44AA /* NewsViewController.swift */ = {isa = PBXFileReference; lastKnownFileType = sourcecode.swift; path = NewsViewController.swift; sourceTree = "<group>"; };
		658DADA429DDECA8000E44AA /* Assets.xcassets */ = {isa = PBXFileReference; lastKnownFileType = folder.assetcatalog; path = Assets.xcassets; sourceTree = "<group>"; };
		658DADA729DDECA8000E44AA /* Base */ = {isa = PBXFileReference; lastKnownFileType = file.storyboard; name = Base; path = Base.lproj/LaunchScreen.storyboard; sourceTree = "<group>"; };
		658DADA929DDECA8000E44AA /* Info.plist */ = {isa = PBXFileReference; lastKnownFileType = text.plist.xml; path = Info.plist; sourceTree = "<group>"; };
		658DADAE29DDECA8000E44AA /* NewsAppTests.xctest */ = {isa = PBXFileReference; explicitFileType = wrapper.cfbundle; includeInIndex = 0; path = NewsAppTests.xctest; sourceTree = BUILT_PRODUCTS_DIR; };
		658DADB229DDECA8000E44AA /* NewsAppTests.swift */ = {isa = PBXFileReference; lastKnownFileType = sourcecode.swift; path = NewsAppTests.swift; sourceTree = "<group>"; };
		658DADB829DDECA8000E44AA /* NewsAppUITests.xctest */ = {isa = PBXFileReference; explicitFileType = wrapper.cfbundle; includeInIndex = 0; path = NewsAppUITests.xctest; sourceTree = BUILT_PRODUCTS_DIR; };
		658DADBC29DDECA8000E44AA /* NewsAppUITests.swift */ = {isa = PBXFileReference; lastKnownFileType = sourcecode.swift; path = NewsAppUITests.swift; sourceTree = "<group>"; };
		658DADBE29DDECA8000E44AA /* NewsAppUITestsLaunchTests.swift */ = {isa = PBXFileReference; lastKnownFileType = sourcecode.swift; path = NewsAppUITestsLaunchTests.swift; sourceTree = "<group>"; };
		658DADCC29DE7347000E44AA /* DetailsViewController.swift */ = {isa = PBXFileReference; lastKnownFileType = sourcecode.swift; path = DetailsViewController.swift; sourceTree = "<group>"; };
		658DADCF29DE73FB000E44AA /* APICaller.swift */ = {isa = PBXFileReference; lastKnownFileType = sourcecode.swift; path = APICaller.swift; sourceTree = "<group>"; };
		65CC2A6B29E62AE100DE4792 /* DetailsView.swift */ = {isa = PBXFileReference; lastKnownFileType = sourcecode.swift; path = DetailsView.swift; sourceTree = "<group>"; };
		65CC2A6D29E7704600DE4792 /* Builder.swift */ = {isa = PBXFileReference; lastKnownFileType = sourcecode.swift; path = Builder.swift; sourceTree = "<group>"; };
		65CC2A7029E7768600DE4792 /* Router.swift */ = {isa = PBXFileReference; lastKnownFileType = sourcecode.swift; path = Router.swift; sourceTree = "<group>"; };
		65CC2A7929E81F4D00DE4792 /* DetailsData.swift */ = {isa = PBXFileReference; lastKnownFileType = sourcecode.swift; path = DetailsData.swift; sourceTree = "<group>"; };
		65CC2A7B29E81FF900DE4792 /* DetailsViewModel.swift */ = {isa = PBXFileReference; lastKnownFileType = sourcecode.swift; path = DetailsViewModel.swift; sourceTree = "<group>"; };
		65CC2A7D29E8268400DE4792 /* DetailsViewModelProtocol.swift */ = {isa = PBXFileReference; lastKnownFileType = sourcecode.swift; path = DetailsViewModelProtocol.swift; sourceTree = "<group>"; };
		65CC2A7F29E8319200DE4792 /* BuilderProtocol.swift */ = {isa = PBXFileReference; lastKnownFileType = sourcecode.swift; path = BuilderProtocol.swift; sourceTree = "<group>"; };
		65CC2A8129E837C500DE4792 /* NewsViewModelTest.swift */ = {isa = PBXFileReference; lastKnownFileType = sourcecode.swift; path = NewsViewModelTest.swift; sourceTree = "<group>"; };
		65CC2A8329E8436C00DE4792 /* DetailsViewModelTests.swift */ = {isa = PBXFileReference; lastKnownFileType = sourcecode.swift; path = DetailsViewModelTests.swift; sourceTree = "<group>"; };
/* End PBXFileReference section */

/* Begin PBXFrameworksBuildPhase section */
		658DAD9529DDECA0000E44AA /* Frameworks */ = {
			isa = PBXFrameworksBuildPhase;
			buildActionMask = 2147483647;
			files = (
				652C91C829E39F06009C5D21 /* SDWebImage in Frameworks */,
				652C91CA29E39F06009C5D21 /* SDWebImageMapKit in Frameworks */,
				652C91B829E0F248009C5D21 /* SwiftSoup in Frameworks */,
			);
			runOnlyForDeploymentPostprocessing = 0;
		};
		658DADAB29DDECA8000E44AA /* Frameworks */ = {
			isa = PBXFrameworksBuildPhase;
			buildActionMask = 2147483647;
			files = (
			);
			runOnlyForDeploymentPostprocessing = 0;
		};
		658DADB529DDECA8000E44AA /* Frameworks */ = {
			isa = PBXFrameworksBuildPhase;
			buildActionMask = 2147483647;
			files = (
			);
			runOnlyForDeploymentPostprocessing = 0;
		};
/* End PBXFrameworksBuildPhase section */

/* Begin PBXGroup section */
		652C91B929E1D5BE009C5D21 /* Model */ = {
			isa = PBXGroup;
			children = (
				65CC2A7929E81F4D00DE4792 /* DetailsData.swift */,
			);
			path = Model;
			sourceTree = "<group>";
		};
		652C91BC29E1D5F6009C5D21 /* ViewModel */ = {
			isa = PBXGroup;
			children = (
				65CC2A7B29E81FF900DE4792 /* DetailsViewModel.swift */,
				65CC2A7D29E8268400DE4792 /* DetailsViewModelProtocol.swift */,
			);
			path = ViewModel;
			sourceTree = "<group>";
		};
		658DAD8F29DDECA0000E44AA = {
			isa = PBXGroup;
			children = (
				658DAD9A29DDECA0000E44AA /* NewsApp */,
				658DADB129DDECA8000E44AA /* NewsAppTests */,
				658DADBB29DDECA8000E44AA /* NewsAppUITests */,
				658DAD9929DDECA0000E44AA /* Products */,
			);
			sourceTree = "<group>";
		};
		658DAD9929DDECA0000E44AA /* Products */ = {
			isa = PBXGroup;
			children = (
				658DAD9829DDECA0000E44AA /* NewsApp.app */,
				658DADAE29DDECA8000E44AA /* NewsAppTests.xctest */,
				658DADB829DDECA8000E44AA /* NewsAppUITests.xctest */,
			);
			name = Products;
			sourceTree = "<group>";
		};
		658DAD9A29DDECA0000E44AA /* NewsApp */ = {
			isa = PBXGroup;
			children = (
				658DADCE29DE73CA000E44AA /* Managers */,
				65CC2A7329E81C7400DE4792 /* NewsModule */,
				65CC2A7729E81D7700DE4792 /* DetailsModule */,
				658DAD9B29DDECA0000E44AA /* AppDelegate.swift */,
				658DAD9D29DDECA0000E44AA /* SceneDelegate.swift */,
				658DADA429DDECA8000E44AA /* Assets.xcassets */,
				658DADA629DDECA8000E44AA /* LaunchScreen.storyboard */,
				658DADA929DDECA8000E44AA /* Info.plist */,
			);
			path = NewsApp;
			sourceTree = "<group>";
		};
		658DADB129DDECA8000E44AA /* NewsAppTests */ = {
			isa = PBXGroup;
			children = (
				658DADB229DDECA8000E44AA /* NewsAppTests.swift */,
				65CC2A8129E837C500DE4792 /* NewsViewModelTest.swift */,
				65CC2A8329E8436C00DE4792 /* DetailsViewModelTests.swift */,
			);
			path = NewsAppTests;
			sourceTree = "<group>";
		};
		658DADBB29DDECA8000E44AA /* NewsAppUITests */ = {
			isa = PBXGroup;
			children = (
				658DADBC29DDECA8000E44AA /* NewsAppUITests.swift */,
				658DADBE29DDECA8000E44AA /* NewsAppUITestsLaunchTests.swift */,
			);
			path = NewsAppUITests;
			sourceTree = "<group>";
		};
		658DADCB29DE730C000E44AA /* View */ = {
			isa = PBXGroup;
			children = (
				658DADCC29DE7347000E44AA /* DetailsViewController.swift */,
				65CC2A6B29E62AE100DE4792 /* DetailsView.swift */,
			);
			path = View;
			sourceTree = "<group>";
		};
		658DADCE29DE73CA000E44AA /* Managers */ = {
			isa = PBXGroup;
			children = (
				658DADCF29DE73FB000E44AA /* APICaller.swift */,
				652C91C229E26004009C5D21 /* NewsService.swift */,
			);
			path = Managers;
			sourceTree = "<group>";
		};
		65CC2A6F29E7704F00DE4792 /* Builder */ = {
			isa = PBXGroup;
			children = (
				65CC2A6D29E7704600DE4792 /* Builder.swift */,
				65CC2A7F29E8319200DE4792 /* BuilderProtocol.swift */,
			);
			path = Builder;
			sourceTree = "<group>";
		};
		65CC2A7229E7769200DE4792 /* Router */ = {
			isa = PBXGroup;
			children = (
				65CC2A7029E7768600DE4792 /* Router.swift */,
				6584BB9929EAE503007C220F /* RouterProtocol.swift */,
			);
			path = Router;
			sourceTree = "<group>";
		};
		65CC2A7329E81C7400DE4792 /* NewsModule */ = {
			isa = PBXGroup;
			children = (
				65CC2A7229E7769200DE4792 /* Router */,
				65CC2A6F29E7704F00DE4792 /* Builder */,
				65CC2A7429E81CEB00DE4792 /* Model */,
				65CC2A7529E81CF500DE4792 /* View */,
				65CC2A7629E81D1000DE4792 /* ViewModel */,
			);
			path = NewsModule;
			sourceTree = "<group>";
		};
		65CC2A7429E81CEB00DE4792 /* Model */ = {
			isa = PBXGroup;
			children = (
				652C91BA29E1D5D5009C5D21 /* NewsData.swift */,
			);
			path = Model;
			sourceTree = "<group>";
		};
		65CC2A7529E81CF500DE4792 /* View */ = {
			isa = PBXGroup;
			children = (
				658DAD9F29DDECA0000E44AA /* NewsViewController.swift */,
				652C91BF29E22317009C5D21 /* NewsTableViewCell.swift */,
			);
			path = View;
			sourceTree = "<group>";
		};
		65CC2A7629E81D1000DE4792 /* ViewModel */ = {
			isa = PBXGroup;
			children = (
				652C91BD29E1D655009C5D21 /* NewsViewModel.swift */,
				6584BB9B29EAEDDD007C220F /* NewsViewModelProtocol.swift */,
			);
			path = ViewModel;
			sourceTree = "<group>";
		};
		65CC2A7729E81D7700DE4792 /* DetailsModule */ = {
			isa = PBXGroup;
			children = (
				652C91B929E1D5BE009C5D21 /* Model */,
				658DADCB29DE730C000E44AA /* View */,
				652C91BC29E1D5F6009C5D21 /* ViewModel */,
			);
			path = DetailsModule;
			sourceTree = "<group>";
		};
/* End PBXGroup section */

/* Begin PBXNativeTarget section */
		658DAD9729DDECA0000E44AA /* NewsApp */ = {
			isa = PBXNativeTarget;
			buildConfigurationList = 658DADC229DDECA8000E44AA /* Build configuration list for PBXNativeTarget "NewsApp" */;
			buildPhases = (
				658DAD9429DDECA0000E44AA /* Sources */,
				658DAD9529DDECA0000E44AA /* Frameworks */,
				658DAD9629DDECA0000E44AA /* Resources */,
			);
			buildRules = (
			);
			dependencies = (
			);
			name = NewsApp;
			packageProductDependencies = (
				652C91B729E0F248009C5D21 /* SwiftSoup */,
				652C91C729E39F06009C5D21 /* SDWebImage */,
				652C91C929E39F06009C5D21 /* SDWebImageMapKit */,
			);
			productName = NewsApp;
			productReference = 658DAD9829DDECA0000E44AA /* NewsApp.app */;
			productType = "com.apple.product-type.application";
		};
		658DADAD29DDECA8000E44AA /* NewsAppTests */ = {
			isa = PBXNativeTarget;
			buildConfigurationList = 658DADC529DDECA8000E44AA /* Build configuration list for PBXNativeTarget "NewsAppTests" */;
			buildPhases = (
				658DADAA29DDECA8000E44AA /* Sources */,
				658DADAB29DDECA8000E44AA /* Frameworks */,
				658DADAC29DDECA8000E44AA /* Resources */,
			);
			buildRules = (
			);
			dependencies = (
				658DADB029DDECA8000E44AA /* PBXTargetDependency */,
			);
			name = NewsAppTests;
			productName = NewsAppTests;
			productReference = 658DADAE29DDECA8000E44AA /* NewsAppTests.xctest */;
			productType = "com.apple.product-type.bundle.unit-test";
		};
		658DADB729DDECA8000E44AA /* NewsAppUITests */ = {
			isa = PBXNativeTarget;
			buildConfigurationList = 658DADC829DDECA8000E44AA /* Build configuration list for PBXNativeTarget "NewsAppUITests" */;
			buildPhases = (
				658DADB429DDECA8000E44AA /* Sources */,
				658DADB529DDECA8000E44AA /* Frameworks */,
				658DADB629DDECA8000E44AA /* Resources */,
			);
			buildRules = (
			);
			dependencies = (
				658DADBA29DDECA8000E44AA /* PBXTargetDependency */,
			);
			name = NewsAppUITests;
			productName = NewsAppUITests;
			productReference = 658DADB829DDECA8000E44AA /* NewsAppUITests.xctest */;
			productType = "com.apple.product-type.bundle.ui-testing";
		};
/* End PBXNativeTarget section */

/* Begin PBXProject section */
		658DAD9029DDECA0000E44AA /* Project object */ = {
			isa = PBXProject;
			attributes = {
				BuildIndependentTargetsInParallel = 1;
				LastSwiftUpdateCheck = 1340;
				LastUpgradeCheck = 1340;
				TargetAttributes = {
					658DAD9729DDECA0000E44AA = {
						CreatedOnToolsVersion = 13.4.1;
					};
					658DADAD29DDECA8000E44AA = {
						CreatedOnToolsVersion = 13.4.1;
						TestTargetID = 658DAD9729DDECA0000E44AA;
					};
					658DADB729DDECA8000E44AA = {
						CreatedOnToolsVersion = 13.4.1;
						TestTargetID = 658DAD9729DDECA0000E44AA;
					};
				};
			};
			buildConfigurationList = 658DAD9329DDECA0000E44AA /* Build configuration list for PBXProject "NewsApp" */;
			compatibilityVersion = "Xcode 13.0";
			developmentRegion = en;
			hasScannedForEncodings = 0;
			knownRegions = (
				en,
				Base,
			);
			mainGroup = 658DAD8F29DDECA0000E44AA;
			packageReferences = (
				652C91B629E0F248009C5D21 /* XCRemoteSwiftPackageReference "SwiftSoup" */,
				652C91C629E39F06009C5D21 /* XCRemoteSwiftPackageReference "SDWebImage" */,
			);
			productRefGroup = 658DAD9929DDECA0000E44AA /* Products */;
			projectDirPath = "";
			projectRoot = "";
			targets = (
				658DAD9729DDECA0000E44AA /* NewsApp */,
				658DADAD29DDECA8000E44AA /* NewsAppTests */,
				658DADB729DDECA8000E44AA /* NewsAppUITests */,
			);
		};
/* End PBXProject section */

/* Begin PBXResourcesBuildPhase section */
		658DAD9629DDECA0000E44AA /* Resources */ = {
			isa = PBXResourcesBuildPhase;
			buildActionMask = 2147483647;
			files = (
				658DADA829DDECA8000E44AA /* LaunchScreen.storyboard in Resources */,
				658DADA529DDECA8000E44AA /* Assets.xcassets in Resources */,
			);
			runOnlyForDeploymentPostprocessing = 0;
		};
		658DADAC29DDECA8000E44AA /* Resources */ = {
			isa = PBXResourcesBuildPhase;
			buildActionMask = 2147483647;
			files = (
			);
			runOnlyForDeploymentPostprocessing = 0;
		};
		658DADB629DDECA8000E44AA /* Resources */ = {
			isa = PBXResourcesBuildPhase;
			buildActionMask = 2147483647;
			files = (
			);
			runOnlyForDeploymentPostprocessing = 0;
		};
/* End PBXResourcesBuildPhase section */

/* Begin PBXSourcesBuildPhase section */
		658DAD9429DDECA0000E44AA /* Sources */ = {
			isa = PBXSourcesBuildPhase;
			buildActionMask = 2147483647;
			files = (
				658DADA029DDECA0000E44AA /* NewsViewController.swift in Sources */,
				65CC2A6C29E62AE100DE4792 /* DetailsView.swift in Sources */,
				658DAD9C29DDECA0000E44AA /* AppDelegate.swift in Sources */,
				65CC2A6E29E7704700DE4792 /* Builder.swift in Sources */,
				65CC2A7129E7768600DE4792 /* Router.swift in Sources */,
				65CC2A8029E8319300DE4792 /* BuilderProtocol.swift in Sources */,
				652C91C029E22317009C5D21 /* NewsTableViewCell.swift in Sources */,
				652C91C329E26004009C5D21 /* NewsService.swift in Sources */,
				652C91BB29E1D5D5009C5D21 /* NewsData.swift in Sources */,
				6584BB9A29EAE503007C220F /* RouterProtocol.swift in Sources */,
				658DAD9E29DDECA0000E44AA /* SceneDelegate.swift in Sources */,
				6584BB9C29EAEDDD007C220F /* NewsViewModelProtocol.swift in Sources */,
				652C91BE29E1D655009C5D21 /* NewsViewModel.swift in Sources */,
				65CC2A7E29E8268400DE4792 /* DetailsViewModelProtocol.swift in Sources */,
				65CC2A7A29E81F4D00DE4792 /* DetailsData.swift in Sources */,
				65CC2A7C29E81FF900DE4792 /* DetailsViewModel.swift in Sources */,
				658DADD029DE73FB000E44AA /* APICaller.swift in Sources */,
				658DADCD29DE7347000E44AA /* DetailsViewController.swift in Sources */,
			);
			runOnlyForDeploymentPostprocessing = 0;
		};
		658DADAA29DDECA8000E44AA /* Sources */ = {
			isa = PBXSourcesBuildPhase;
			buildActionMask = 2147483647;
			files = (
				65CC2A8429E8436C00DE4792 /* DetailsViewModelTests.swift in Sources */,
				658DADB329DDECA8000E44AA /* NewsAppTests.swift in Sources */,
				65CC2A8229E837C600DE4792 /* NewsViewModelTest.swift in Sources */,
			);
			runOnlyForDeploymentPostprocessing = 0;
		};
		658DADB429DDECA8000E44AA /* Sources */ = {
			isa = PBXSourcesBuildPhase;
			buildActionMask = 2147483647;
			files = (
				658DADBD29DDECA8000E44AA /* NewsAppUITests.swift in Sources */,
				658DADBF29DDECA8000E44AA /* NewsAppUITestsLaunchTests.swift in Sources */,
			);
			runOnlyForDeploymentPostprocessing = 0;
		};
/* End PBXSourcesBuildPhase section */

/* Begin PBXTargetDependency section */
		658DADB029DDECA8000E44AA /* PBXTargetDependency */ = {
			isa = PBXTargetDependency;
			target = 658DAD9729DDECA0000E44AA /* NewsApp */;
			targetProxy = 658DADAF29DDECA8000E44AA /* PBXContainerItemProxy */;
		};
		658DADBA29DDECA8000E44AA /* PBXTargetDependency */ = {
			isa = PBXTargetDependency;
			target = 658DAD9729DDECA0000E44AA /* NewsApp */;
			targetProxy = 658DADB929DDECA8000E44AA /* PBXContainerItemProxy */;
		};
/* End PBXTargetDependency section */

/* Begin PBXVariantGroup section */
		658DADA629DDECA8000E44AA /* LaunchScreen.storyboard */ = {
			isa = PBXVariantGroup;
			children = (
				658DADA729DDECA8000E44AA /* Base */,
			);
			name = LaunchScreen.storyboard;
			sourceTree = "<group>";
		};
/* End PBXVariantGroup section */

/* Begin XCBuildConfiguration section */
		658DADC029DDECA8000E44AA /* Debug */ = {
			isa = XCBuildConfiguration;
			buildSettings = {
				ALWAYS_SEARCH_USER_PATHS = NO;
				CLANG_ANALYZER_NONNULL = YES;
				CLANG_ANALYZER_NUMBER_OBJECT_CONVERSION = YES_AGGRESSIVE;
				CLANG_CXX_LANGUAGE_STANDARD = "gnu++17";
				CLANG_ENABLE_MODULES = YES;
				CLANG_ENABLE_OBJC_ARC = YES;
				CLANG_ENABLE_OBJC_WEAK = YES;
				CLANG_WARN_BLOCK_CAPTURE_AUTORELEASING = YES;
				CLANG_WARN_BOOL_CONVERSION = YES;
				CLANG_WARN_COMMA = YES;
				CLANG_WARN_CONSTANT_CONVERSION = YES;
				CLANG_WARN_DEPRECATED_OBJC_IMPLEMENTATIONS = YES;
				CLANG_WARN_DIRECT_OBJC_ISA_USAGE = YES_ERROR;
				CLANG_WARN_DOCUMENTATION_COMMENTS = YES;
				CLANG_WARN_EMPTY_BODY = YES;
				CLANG_WARN_ENUM_CONVERSION = YES;
				CLANG_WARN_INFINITE_RECURSION = YES;
				CLANG_WARN_INT_CONVERSION = YES;
				CLANG_WARN_NON_LITERAL_NULL_CONVERSION = YES;
				CLANG_WARN_OBJC_IMPLICIT_RETAIN_SELF = YES;
				CLANG_WARN_OBJC_LITERAL_CONVERSION = YES;
				CLANG_WARN_OBJC_ROOT_CLASS = YES_ERROR;
				CLANG_WARN_QUOTED_INCLUDE_IN_FRAMEWORK_HEADER = YES;
				CLANG_WARN_RANGE_LOOP_ANALYSIS = YES;
				CLANG_WARN_STRICT_PROTOTYPES = YES;
				CLANG_WARN_SUSPICIOUS_MOVE = YES;
				CLANG_WARN_UNGUARDED_AVAILABILITY = YES_AGGRESSIVE;
				CLANG_WARN_UNREACHABLE_CODE = YES;
				CLANG_WARN__DUPLICATE_METHOD_MATCH = YES;
				COPY_PHASE_STRIP = NO;
				DEBUG_INFORMATION_FORMAT = dwarf;
				ENABLE_STRICT_OBJC_MSGSEND = YES;
				ENABLE_TESTABILITY = YES;
				GCC_C_LANGUAGE_STANDARD = gnu11;
				GCC_DYNAMIC_NO_PIC = NO;
				GCC_NO_COMMON_BLOCKS = YES;
				GCC_OPTIMIZATION_LEVEL = 0;
				GCC_PREPROCESSOR_DEFINITIONS = (
					"DEBUG=1",
					"$(inherited)",
				);
				GCC_WARN_64_TO_32_BIT_CONVERSION = YES;
				GCC_WARN_ABOUT_RETURN_TYPE = YES_ERROR;
				GCC_WARN_UNDECLARED_SELECTOR = YES;
				GCC_WARN_UNINITIALIZED_AUTOS = YES_AGGRESSIVE;
				GCC_WARN_UNUSED_FUNCTION = YES;
				GCC_WARN_UNUSED_VARIABLE = YES;
				IPHONEOS_DEPLOYMENT_TARGET = 15.5;
				MTL_ENABLE_DEBUG_INFO = INCLUDE_SOURCE;
				MTL_FAST_MATH = YES;
				ONLY_ACTIVE_ARCH = YES;
				SDKROOT = iphoneos;
				SWIFT_ACTIVE_COMPILATION_CONDITIONS = DEBUG;
				SWIFT_OPTIMIZATION_LEVEL = "-Onone";
			};
			name = Debug;
		};
		658DADC129DDECA8000E44AA /* Release */ = {
			isa = XCBuildConfiguration;
			buildSettings = {
				ALWAYS_SEARCH_USER_PATHS = NO;
				CLANG_ANALYZER_NONNULL = YES;
				CLANG_ANALYZER_NUMBER_OBJECT_CONVERSION = YES_AGGRESSIVE;
				CLANG_CXX_LANGUAGE_STANDARD = "gnu++17";
				CLANG_ENABLE_MODULES = YES;
				CLANG_ENABLE_OBJC_ARC = YES;
				CLANG_ENABLE_OBJC_WEAK = YES;
				CLANG_WARN_BLOCK_CAPTURE_AUTORELEASING = YES;
				CLANG_WARN_BOOL_CONVERSION = YES;
				CLANG_WARN_COMMA = YES;
				CLANG_WARN_CONSTANT_CONVERSION = YES;
				CLANG_WARN_DEPRECATED_OBJC_IMPLEMENTATIONS = YES;
				CLANG_WARN_DIRECT_OBJC_ISA_USAGE = YES_ERROR;
				CLANG_WARN_DOCUMENTATION_COMMENTS = YES;
				CLANG_WARN_EMPTY_BODY = YES;
				CLANG_WARN_ENUM_CONVERSION = YES;
				CLANG_WARN_INFINITE_RECURSION = YES;
				CLANG_WARN_INT_CONVERSION = YES;
				CLANG_WARN_NON_LITERAL_NULL_CONVERSION = YES;
				CLANG_WARN_OBJC_IMPLICIT_RETAIN_SELF = YES;
				CLANG_WARN_OBJC_LITERAL_CONVERSION = YES;
				CLANG_WARN_OBJC_ROOT_CLASS = YES_ERROR;
				CLANG_WARN_QUOTED_INCLUDE_IN_FRAMEWORK_HEADER = YES;
				CLANG_WARN_RANGE_LOOP_ANALYSIS = YES;
				CLANG_WARN_STRICT_PROTOTYPES = YES;
				CLANG_WARN_SUSPICIOUS_MOVE = YES;
				CLANG_WARN_UNGUARDED_AVAILABILITY = YES_AGGRESSIVE;
				CLANG_WARN_UNREACHABLE_CODE = YES;
				CLANG_WARN__DUPLICATE_METHOD_MATCH = YES;
				COPY_PHASE_STRIP = NO;
				DEBUG_INFORMATION_FORMAT = "dwarf-with-dsym";
				ENABLE_NS_ASSERTIONS = NO;
				ENABLE_STRICT_OBJC_MSGSEND = YES;
				GCC_C_LANGUAGE_STANDARD = gnu11;
				GCC_NO_COMMON_BLOCKS = YES;
				GCC_WARN_64_TO_32_BIT_CONVERSION = YES;
				GCC_WARN_ABOUT_RETURN_TYPE = YES_ERROR;
				GCC_WARN_UNDECLARED_SELECTOR = YES;
				GCC_WARN_UNINITIALIZED_AUTOS = YES_AGGRESSIVE;
				GCC_WARN_UNUSED_FUNCTION = YES;
				GCC_WARN_UNUSED_VARIABLE = YES;
				IPHONEOS_DEPLOYMENT_TARGET = 15.5;
				MTL_ENABLE_DEBUG_INFO = NO;
				MTL_FAST_MATH = YES;
				SDKROOT = iphoneos;
				SWIFT_COMPILATION_MODE = wholemodule;
				SWIFT_OPTIMIZATION_LEVEL = "-O";
				VALIDATE_PRODUCT = YES;
			};
			name = Release;
		};
		658DADC329DDECA8000E44AA /* Debug */ = {
			isa = XCBuildConfiguration;
			buildSettings = {
				ASSETCATALOG_COMPILER_APPICON_NAME = AppIcon;
				ASSETCATALOG_COMPILER_GLOBAL_ACCENT_COLOR_NAME = AccentColor;
				CODE_SIGN_STYLE = Automatic;
				CURRENT_PROJECT_VERSION = 1;
				DEVELOPMENT_TEAM = 7297456K9N;
				GENERATE_INFOPLIST_FILE = YES;
				INFOPLIST_FILE = NewsApp/Info.plist;
				INFOPLIST_KEY_UIApplicationSupportsIndirectInputEvents = YES;
				INFOPLIST_KEY_UILaunchStoryboardName = LaunchScreen;
				INFOPLIST_KEY_UISupportedInterfaceOrientations_iPad = "UIInterfaceOrientationPortrait UIInterfaceOrientationPortraitUpsideDown UIInterfaceOrientationLandscapeLeft UIInterfaceOrientationLandscapeRight";
				INFOPLIST_KEY_UISupportedInterfaceOrientations_iPhone = "UIInterfaceOrientationPortrait UIInterfaceOrientationLandscapeLeft UIInterfaceOrientationLandscapeRight";
				IPHONEOS_DEPLOYMENT_TARGET = 13.0;
				LD_RUNPATH_SEARCH_PATHS = (
					"$(inherited)",
					"@executable_path/Frameworks",
				);
				MARKETING_VERSION = 1.0;
				PRODUCT_BUNDLE_IDENTIFIER = ASH.NewsApp;
				PRODUCT_NAME = "$(TARGET_NAME)";
				SWIFT_EMIT_LOC_STRINGS = YES;
				SWIFT_VERSION = 5.0;
				TARGETED_DEVICE_FAMILY = "1,2";
			};
			name = Debug;
		};
		658DADC429DDECA8000E44AA /* Release */ = {
			isa = XCBuildConfiguration;
			buildSettings = {
				ASSETCATALOG_COMPILER_APPICON_NAME = AppIcon;
				ASSETCATALOG_COMPILER_GLOBAL_ACCENT_COLOR_NAME = AccentColor;
				CODE_SIGN_STYLE = Automatic;
				CURRENT_PROJECT_VERSION = 1;
				DEVELOPMENT_TEAM = 7297456K9N;
				GENERATE_INFOPLIST_FILE = YES;
				INFOPLIST_FILE = NewsApp/Info.plist;
				INFOPLIST_KEY_UIApplicationSupportsIndirectInputEvents = YES;
				INFOPLIST_KEY_UILaunchStoryboardName = LaunchScreen;
				INFOPLIST_KEY_UISupportedInterfaceOrientations_iPad = "UIInterfaceOrientationPortrait UIInterfaceOrientationPortraitUpsideDown UIInterfaceOrientationLandscapeLeft UIInterfaceOrientationLandscapeRight";
				INFOPLIST_KEY_UISupportedInterfaceOrientations_iPhone = "UIInterfaceOrientationPortrait UIInterfaceOrientationLandscapeLeft UIInterfaceOrientationLandscapeRight";
				IPHONEOS_DEPLOYMENT_TARGET = 13.0;
				LD_RUNPATH_SEARCH_PATHS = (
					"$(inherited)",
					"@executable_path/Frameworks",
				);
				MARKETING_VERSION = 1.0;
				PRODUCT_BUNDLE_IDENTIFIER = ASH.NewsApp;
				PRODUCT_NAME = "$(TARGET_NAME)";
				SWIFT_EMIT_LOC_STRINGS = YES;
				SWIFT_VERSION = 5.0;
				TARGETED_DEVICE_FAMILY = "1,2";
			};
			name = Release;
		};
		658DADC629DDECA8000E44AA /* Debug */ = {
			isa = XCBuildConfiguration;
			buildSettings = {
				ALWAYS_EMBED_SWIFT_STANDARD_LIBRARIES = YES;
				BUNDLE_LOADER = "$(TEST_HOST)";
				CODE_SIGN_STYLE = Automatic;
				CURRENT_PROJECT_VERSION = 1;
				DEVELOPMENT_TEAM = 7297456K9N;
				GENERATE_INFOPLIST_FILE = YES;
				IPHONEOS_DEPLOYMENT_TARGET = 15.5;
				MARKETING_VERSION = 1.0;
				PRODUCT_BUNDLE_IDENTIFIER = ASH.NewsAppTests;
				PRODUCT_NAME = "$(TARGET_NAME)";
				SWIFT_EMIT_LOC_STRINGS = NO;
				SWIFT_VERSION = 5.0;
				TARGETED_DEVICE_FAMILY = "1,2";
				TEST_HOST = "$(BUILT_PRODUCTS_DIR)/NewsApp.app/NewsApp";
			};
			name = Debug;
		};
		658DADC729DDECA8000E44AA /* Release */ = {
			isa = XCBuildConfiguration;
			buildSettings = {
				ALWAYS_EMBED_SWIFT_STANDARD_LIBRARIES = YES;
				BUNDLE_LOADER = "$(TEST_HOST)";
				CODE_SIGN_STYLE = Automatic;
				CURRENT_PROJECT_VERSION = 1;
				DEVELOPMENT_TEAM = 7297456K9N;
				GENERATE_INFOPLIST_FILE = YES;
				IPHONEOS_DEPLOYMENT_TARGET = 15.5;
				MARKETING_VERSION = 1.0;
				PRODUCT_BUNDLE_IDENTIFIER = ASH.NewsAppTests;
				PRODUCT_NAME = "$(TARGET_NAME)";
				SWIFT_EMIT_LOC_STRINGS = NO;
				SWIFT_VERSION = 5.0;
				TARGETED_DEVICE_FAMILY = "1,2";
				TEST_HOST = "$(BUILT_PRODUCTS_DIR)/NewsApp.app/NewsApp";
			};
			name = Release;
		};
		658DADC929DDECA8000E44AA /* Debug */ = {
			isa = XCBuildConfiguration;
			buildSettings = {
				ALWAYS_EMBED_SWIFT_STANDARD_LIBRARIES = YES;
				CODE_SIGN_STYLE = Automatic;
				CURRENT_PROJECT_VERSION = 1;
				DEVELOPMENT_TEAM = 7297456K9N;
				GENERATE_INFOPLIST_FILE = YES;
				MARKETING_VERSION = 1.0;
				PRODUCT_BUNDLE_IDENTIFIER = ASH.NewsAppUITests;
				PRODUCT_NAME = "$(TARGET_NAME)";
				SWIFT_EMIT_LOC_STRINGS = NO;
				SWIFT_VERSION = 5.0;
				TARGETED_DEVICE_FAMILY = "1,2";
				TEST_TARGET_NAME = NewsApp;
			};
			name = Debug;
		};
		658DADCA29DDECA8000E44AA /* Release */ = {
			isa = XCBuildConfiguration;
			buildSettings = {
				ALWAYS_EMBED_SWIFT_STANDARD_LIBRARIES = YES;
				CODE_SIGN_STYLE = Automatic;
				CURRENT_PROJECT_VERSION = 1;
				DEVELOPMENT_TEAM = 7297456K9N;
				GENERATE_INFOPLIST_FILE = YES;
				MARKETING_VERSION = 1.0;
				PRODUCT_BUNDLE_IDENTIFIER = ASH.NewsAppUITests;
				PRODUCT_NAME = "$(TARGET_NAME)";
				SWIFT_EMIT_LOC_STRINGS = NO;
				SWIFT_VERSION = 5.0;
				TARGETED_DEVICE_FAMILY = "1,2";
				TEST_TARGET_NAME = NewsApp;
			};
			name = Release;
		};
/* End XCBuildConfiguration section */

/* Begin XCConfigurationList section */
		658DAD9329DDECA0000E44AA /* Build configuration list for PBXProject "NewsApp" */ = {
			isa = XCConfigurationList;
			buildConfigurations = (
				658DADC029DDECA8000E44AA /* Debug */,
				658DADC129DDECA8000E44AA /* Release */,
			);
			defaultConfigurationIsVisible = 0;
			defaultConfigurationName = Release;
		};
		658DADC229DDECA8000E44AA /* Build configuration list for PBXNativeTarget "NewsApp" */ = {
			isa = XCConfigurationList;
			buildConfigurations = (
				658DADC329DDECA8000E44AA /* Debug */,
				658DADC429DDECA8000E44AA /* Release */,
			);
			defaultConfigurationIsVisible = 0;
			defaultConfigurationName = Release;
		};
		658DADC529DDECA8000E44AA /* Build configuration list for PBXNativeTarget "NewsAppTests" */ = {
			isa = XCConfigurationList;
			buildConfigurations = (
				658DADC629DDECA8000E44AA /* Debug */,
				658DADC729DDECA8000E44AA /* Release */,
			);
			defaultConfigurationIsVisible = 0;
			defaultConfigurationName = Release;
		};
		658DADC829DDECA8000E44AA /* Build configuration list for PBXNativeTarget "NewsAppUITests" */ = {
			isa = XCConfigurationList;
			buildConfigurations = (
				658DADC929DDECA8000E44AA /* Debug */,
				658DADCA29DDECA8000E44AA /* Release */,
			);
			defaultConfigurationIsVisible = 0;
			defaultConfigurationName = Release;
		};
/* End XCConfigurationList section */

/* Begin XCRemoteSwiftPackageReference section */
		652C91B629E0F248009C5D21 /* XCRemoteSwiftPackageReference "SwiftSoup" */ = {
			isa = XCRemoteSwiftPackageReference;
			repositoryURL = "https://github.com/scinfu/SwiftSoup.git";
			requirement = {
				kind = upToNextMajorVersion;
				minimumVersion = 2.0.0;
			};
		};
		652C91C629E39F06009C5D21 /* XCRemoteSwiftPackageReference "SDWebImage" */ = {
			isa = XCRemoteSwiftPackageReference;
			repositoryURL = "https://github.com/SDWebImage/SDWebImage.git";
			requirement = {
				branch = master;
				kind = branch;
			};
		};
/* End XCRemoteSwiftPackageReference section */

/* Begin XCSwiftPackageProductDependency section */
		652C91B729E0F248009C5D21 /* SwiftSoup */ = {
			isa = XCSwiftPackageProductDependency;
			package = 652C91B629E0F248009C5D21 /* XCRemoteSwiftPackageReference "SwiftSoup" */;
			productName = SwiftSoup;
		};
		652C91C729E39F06009C5D21 /* SDWebImage */ = {
			isa = XCSwiftPackageProductDependency;
			package = 652C91C629E39F06009C5D21 /* XCRemoteSwiftPackageReference "SDWebImage" */;
			productName = SDWebImage;
		};
		652C91C929E39F06009C5D21 /* SDWebImageMapKit */ = {
			isa = XCSwiftPackageProductDependency;
			package = 652C91C629E39F06009C5D21 /* XCRemoteSwiftPackageReference "SDWebImage" */;
			productName = SDWebImageMapKit;
		};
/* End XCSwiftPackageProductDependency section */
	};
	rootObject = 658DAD9029DDECA0000E44AA /* Project object */;
}
